{
    "name": "livecodes-lokalise-error",
    "version": "1.0.0",
    "lockfileVersion": 3,
    "requires": true,
    "packages": {
        "": {
            "name": "livecodes-lokalise-error",
            "version": "1.0.0",
            "license": "MIT",
            "dependencies": {
                "@lokalise/node-api": "14.4.0"
            }
        },
        "node_modules/@lokalise/node-api": {
            "version": "14.4.0",
            "resolved": "https://registry.npmjs.org/@lokalise/node-api/-/node-api-14.4.0.tgz",
            "integrity": "sha512-u1XEAw6/WQuGGQug/bwxKDT+BaIPqUQX4vdSSYSWOTjn7RTre8kbouExwG7iNF1q4K31MxW1bZmV08ImPq9Okw==",
            "license": "BSD-3-Clause",
            "engines": {
                "node": ">=18"
            }
        }
    }
}
